
Microsoft Visual Studio Solution File, Format Version 12.00
# Visual Studio Version 17
VisualStudioVersion = 17.0.31903.59
MinimumVisualStudioVersion = 10.0.40219.1
Project("{FAE04EC0-301F-11D3-BF4B-00C04F79EFBC}") = "LaserEnergyMonitor.Application", "src\LaserEnergyMonitor.Application\LaserEnergyMonitor.Application.csproj", "{1B4AF4D6-8138-4AB6-915D-12D03FF66A12}"
EndProject
Project("{FAE04EC0-301F-11D3-BF4B-00C04F79EFBC}") = "LaserEnergyMonitor.Domain", "src\LaserEnergyMonitor.Domain\LaserEnergyMonitor.Domain.csproj", "{20379AF2-5779-4FBA-B070-113BE31B2B18}"
EndProject
Project("{FAE04EC0-301F-11D3-BF4B-00C04F79EFBC}") = "LaserEnergyMonitor.Infrastructure", "src\LaserEnergyMonitor.Infrastructure\LaserEnergyMonitor.Infrastructure.csproj", "{D3046492-C038-447E-9E4D-2BC66A23444A}"
EndProject
Project("{FAE04EC0-301F-11D3-BF4B-00C04F79EFBC}") = "LaserEnergyMonitor.Infrastructure.BeamGage", "src\LaserEnergyMonitor.Infrastructure.BeamGage\LaserEnergyMonitor.Infrastructure.BeamGage.csproj", "{3B93EE16-1123-4B51-9266-C44EA09A31F4}"
EndProject
Project("{FAE04EC0-301F-11D3-BF4B-00C04F79EFBC}") = "LaserEnergyMonitor.Infrastructure.Ophir", "src\LaserEnergyMonitor.Infrastructure.Ophir\LaserEnergyMonitor.Infrastructure.Ophir.csproj", "{CE742F19-D754-4F93-A3C6-BD1C9B726AB2}"
EndProject
Project("{FAE04EC0-301F-11D3-BF4B-00C04F79EFBC}") = "LaserEnergyMonitor.Infrastructure.Excel", "src\LaserEnergyMonitor.Infrastructure.Excel\LaserEnergyMonitor.Infrastructure.Excel.csproj", "{FC90C327-0C81-4610-A67B-A123D8A3FB14}"
EndProject
Project("{FAE04EC0-301F-11D3-BF4B-00C04F79EFBC}") = "LaserEnergyMonitor.Infrastructure.Logging", "src\LaserEnergyMonitor.Infrastructure.Logging\LaserEnergyMonitor.Infrastructure.Logging.csproj", "{5C4B9BB9-D2A8-42F5-BA14-D74FA91E5998}"
EndProject
Project("{FAE04EC0-301F-11D3-BF4B-00C04F79EFBC}") = "LaserEnergyMonitor.Tests", "tests\LaserEnergyMonitor.Tests\LaserEnergyMonitor.Tests.csproj", "{3EBA4E73-8D6D-45B8-B866-E6F594B42919}"
EndProject
Project("{2150E333-8FDC-42A3-9474-1A3956D46DE8}") = "src", "src", "{827E0CD3-B72D-47B6-A68D-7590B98EB39B}"
EndProject
Project("{FAE04EC0-301F-11D3-BF4B-00C04F79EFBC}") = "LaserEnergyMonitor.Wpf", "src\LaserEnergyMonitor.Wpf\LaserEnergyMonitor.Wpf.csproj", "{E01BF95F-1893-4B74-A018-31C4F72B0A40}"
EndProject
Project("{FAE04EC0-301F-11D3-BF4B-00C04F79EFBC}") = "BeamGageVendorProbe", "tools\BeamGageVendorProbe\BeamGageVendorProbe.csproj", "{4CD4DEA5-899F-48AE-8BBA-F07681E58C67}"
EndProject
Project("{2150E333-8FDC-42A3-9474-1A3956D46DE8}") = "tools", "tools", "{07C2787E-EAC7-C090-1BA3-A61EC2A24D84}"
EndProject
Project("{FAE04EC0-301F-11D3-BF4B-00C04F79EFBC}") = "OphirComProbe", "tools\OphirComProbe\OphirComProbe.csproj", "{EE14BF20-4F50-4FEF-8562-1A36511F3C0F}"
EndProject
Project("{FAE04EC0-301F-11D3-BF4B-00C04F79EFBC}") = "StarLabLogSimulator", "tools\StarLabLogSimulator\StarLabLogSimulator.csproj", "{34E0CA1A-F986-44D0-A628-5BD1EDEB9457}"
EndProject
Global
	GlobalSection(SolutionConfigurationPlatforms) = preSolution
		Debug|x86 = Debug|x86
		Debug|Any CPU = Debug|Any CPU
		Debug|x64 = Debug|x64
		Release|x86 = Release|x86
		Release|Any CPU = Release|Any CPU
		Release|x64 = Release|x64
	EndGlobalSection
	GlobalSection(ProjectConfigurationPlatforms) = postSolution
		{1B4AF4D6-8138-4AB6-915D-12D03FF66A12}.Debug|x86.ActiveCfg = Debug|x86
		{1B4AF4D6-8138-4AB6-915D-12D03FF66A12}.Debug|x86.Build.0 = Debug|x86
		{1B4AF4D6-8138-4AB6-915D-12D03FF66A12}.Debug|Any CPU.ActiveCfg = Debug|Any CPU
		{1B4AF4D6-8138-4AB6-915D-12D03FF66A12}.Debug|Any CPU.Build.0 = Debug|Any CPU
		{1B4AF4D6-8138-4AB6-915D-12D03FF66A12}.Debug|x64.ActiveCfg = Debug|Any CPU
		{1B4AF4D6-8138-4AB6-915D-12D03FF66A12}.Debug|x64.Build.0 = Debug|Any CPU
		{1B4AF4D6-8138-4AB6-915D-12D03FF66A12}.Release|x86.ActiveCfg = Release|x86
		{1B4AF4D6-8138-4AB6-915D-12D03FF66A12}.Release|x86.Build.0 = Release|x86
		{1B4AF4D6-8138-4AB6-915D-12D03FF66A12}.Release|Any CPU.ActiveCfg = Release|Any CPU
		{1B4AF4D6-8138-4AB6-915D-12D03FF66A12}.Release|Any CPU.Build.0 = Release|Any CPU
		{1B4AF4D6-8138-4AB6-915D-12D03FF66A12}.Release|x64.ActiveCfg = Release|Any CPU
		{1B4AF4D6-8138-4AB6-915D-12D03FF66A12}.Release|x64.Build.0 = Release|Any CPU
		{20379AF2-5779-4FBA-B070-113BE31B2B18}.Debug|x86.ActiveCfg = Debug|x86
		{20379AF2-5779-4FBA-B070-113BE31B2B18}.Debug|x86.Build.0 = Debug|x86
		{20379AF2-5779-4FBA-B070-113BE31B2B18}.Debug|Any CPU.ActiveCfg = Debug|Any CPU
		{20379AF2-5779-4FBA-B070-113BE31B2B18}.Debug|Any CPU.Build.0 = Debug|Any CPU
		{20379AF2-5779-4FBA-B070-113BE31B2B18}.Debug|x64.ActiveCfg = Debug|Any CPU
		{20379AF2-5779-4FBA-B070-113BE31B2B18}.Debug|x64.Build.0 = Debug|Any CPU
		{20379AF2-5779-4FBA-B070-113BE31B2B18}.Release|x86.ActiveCfg = Release|x86
		{20379AF2-5779-4FBA-B070-113BE31B2B18}.Release|x86.Build.0 = Release|x86
		{20379AF2-5779-4FBA-B070-113BE31B2B18}.Release|Any CPU.ActiveCfg = Release|Any CPU
		{20379AF2-5779-4FBA-B070-113BE31B2B18}.Release|Any CPU.Build.0 = Release|Any CPU
		{20379AF2-5779-4FBA-B070-113BE31B2B18}.Release|x64.ActiveCfg = Release|Any CPU
		{20379AF2-5779-4FBA-B070-113BE31B2B18}.Release|x64.Build.0 = Release|Any CPU
		{D3046492-C038-447E-9E4D-2BC66A23444A}.Debug|x86.ActiveCfg = Debug|x86
		{D3046492-C038-447E-9E4D-2BC66A23444A}.Debug|x86.Build.0 = Debug|x86
		{D3046492-C038-447E-9E4D-2BC66A23444A}.Debug|Any CPU.ActiveCfg = Debug|Any CPU
		{D3046492-C038-447E-9E4D-2BC66A23444A}.Debug|Any CPU.Build.0 = Debug|Any CPU
		{D3046492-C038-447E-9E4D-2BC66A23444A}.Debug|x64.ActiveCfg = Debug|Any CPU
		{D3046492-C038-447E-9E4D-2BC66A23444A}.Debug|x64.Build.0 = Debug|Any CPU
		{D3046492-C038-447E-9E4D-2BC66A23444A}.Release|x86.ActiveCfg = Release|x86
		{D3046492-C038-447E-9E4D-2BC66A23444A}.Release|x86.Build.0 = Release|x86
		{D3046492-C038-447E-9E4D-2BC66A23444A}.Release|Any CPU.ActiveCfg = Release|Any CPU
		{D3046492-C038-447E-9E4D-2BC66A23444A}.Release|Any CPU.Build.0 = Release|Any CPU
		{D3046492-C038-447E-9E4D-2BC66A23444A}.Release|x64.ActiveCfg = Release|Any CPU
		{D3046492-C038-447E-9E4D-2BC66A23444A}.Release|x64.Build.0 = Release|Any CPU
		{3B93EE16-1123-4B51-9266-C44EA09A31F4}.Debug|x86.ActiveCfg = Debug|x86
		{3B93EE16-1123-4B51-9266-C44EA09A31F4}.Debug|x86.Build.0 = Debug|x86
		{3B93EE16-1123-4B51-9266-C44EA09A31F4}.Debug|Any CPU.ActiveCfg = Debug|Any CPU
		{3B93EE16-1123-4B51-9266-C44EA09A31F4}.Debug|Any CPU.Build.0 = Debug|Any CPU
		{3B93EE16-1123-4B51-9266-C44EA09A31F4}.Debug|x64.ActiveCfg = Debug|Any CPU
		{3B93EE16-1123-4B51-9266-C44EA09A31F4}.Debug|x64.Build.0 = Debug|Any CPU
		{3B93EE16-1123-4B51-9266-C44EA09A31F4}.Release|x86.ActiveCfg = Release|x86
		{3B93EE16-1123-4B51-9266-C44EA09A31F4}.Release|x86.Build.0 = Release|x86
		{3B93EE16-1123-4B51-9266-C44EA09A31F4}.Release|Any CPU.ActiveCfg = Release|Any CPU
		{3B93EE16-1123-4B51-9266-C44EA09A31F4}.Release|Any CPU.Build.0 = Release|Any CPU
		{3B93EE16-1123-4B51-9266-C44EA09A31F4}.Release|x64.ActiveCfg = Release|Any CPU
		{3B93EE16-1123-4B51-9266-C44EA09A31F4}.Release|x64.Build.0 = Release|Any CPU
		{CE742F19-D754-4F93-A3C6-BD1C9B726AB2}.Debug|x86.ActiveCfg = Debug|x86
		{CE742F19-D754-4F93-A3C6-BD1C9B726AB2}.Debug|x86.Build.0 = Debug|x86
		{CE742F19-D754-4F93-A3C6-BD1C9B726AB2}.Debug|Any CPU.ActiveCfg = Debug|Any CPU
		{CE742F19-D754-4F93-A3C6-BD1C9B726AB2}.Debug|Any CPU.Build.0 = Debug|Any CPU
		{CE742F19-D754-4F93-A3C6-BD1C9B726AB2}.Debug|x64.ActiveCfg = Debug|Any CPU
		{CE742F19-D754-4F93-A3C6-BD1C9B726AB2}.Debug|x64.Build.0 = Debug|Any CPU
		{CE742F19-D754-4F93-A3C6-BD1C9B726AB2}.Release|x86.ActiveCfg = Release|x86
		{CE742F19-D754-4F93-A3C6-BD1C9B726AB2}.Release|x86.Build.0 = Release|x86
		{CE742F19-D754-4F93-A3C6-BD1C9B726AB2}.Release|Any CPU.ActiveCfg = Release|Any CPU
		{CE742F19-D754-4F93-A3C6-BD1C9B726AB2}.Release|Any CPU.Build.0 = Release|Any CPU
		{CE742F19-D754-4F93-A3C6-BD1C9B726AB2}.Release|x64.ActiveCfg = Release|Any CPU
		{CE742F19-D754-4F93-A3C6-BD1C9B726AB2}.Release|x64.Build.0 = Release|Any CPU
		{FC90C327-0C81-4610-A67B-A123D8A3FB14}.Debug|x86.ActiveCfg = Debug|x86
		{FC90C327-0C81-4610-A67B-A123D8A3FB14}.Debug|x86.Build.0 = Debug|x86
		{FC90C327-0C81-4610-A67B-A123D8A3FB14}.Debug|Any CPU.ActiveCfg = Debug|Any CPU
		{FC90C327-0C81-4610-A67B-A123D8A3FB14}.Debug|Any CPU.Build.0 = Debug|Any CPU
		{FC90C327-0C81-4610-A67B-A123D8A3FB14}.Debug|x64.ActiveCfg = Debug|Any CPU
		{FC90C327-0C81-4610-A67B-A123D8A3FB14}.Debug|x64.Build.0 = Debug|Any CPU
		{FC90C327-0C81-4610-A67B-A123D8A3FB14}.Release|x86.ActiveCfg = Release|x86
		{FC90C327-0C81-4610-A67B-A123D8A3FB14}.Release|x86.Build.0 = Release|x86
		{FC90C327-0C81-4610-A67B-A123D8A3FB14}.Release|Any CPU.ActiveCfg = Release|Any CPU
		{FC90C327-0C81-4610-A67B-A123D8A3FB14}.Release|Any CPU.Build.0 = Release|Any CPU
		{FC90C327-0C81-4610-A67B-A123D8A3FB14}.Release|x64.ActiveCfg = Release|Any CPU
		{FC90C327-0C81-4610-A67B-A123D8A3FB14}.Release|x64.Build.0 = Release|Any CPU
		{5C4B9BB9-D2A8-42F5-BA14-D74FA91E5998}.Debug|x86.ActiveCfg = Debug|x86
		{5C4B9BB9-D2A8-42F5-BA14-D74FA91E5998}.Debug|x86.Build.0 = Debug|x86
		{5C4B9BB9-D2A8-42F5-BA14-D74FA91E5998}.Debug|Any CPU.ActiveCfg = Debug|Any CPU
		{5C4B9BB9-D2A8-42F5-BA14-D74FA91E5998}.Debug|Any CPU.Build.0 = Debug|Any CPU
		{5C4B9BB9-D2A8-42F5-BA14-D74FA91E5998}.Debug|x64.ActiveCfg = Debug|Any CPU
		{5C4B9BB9-D2A8-42F5-BA14-D74FA91E5998}.Debug|x64.Build.0 = Debug|Any CPU
		{5C4B9BB9-D2A8-42F5-BA14-D74FA91E5998}.Release|x86.ActiveCfg = Release|x86
		{5C4B9BB9-D2A8-42F5-BA14-D74FA91E5998}.Release|x86.Build.0 = Release|x86
		{5C4B9BB9-D2A8-42F5-BA14-D74FA91E5998}.Release|Any CPU.ActiveCfg = Release|Any CPU
		{5C4B9BB9-D2A8-42F5-BA14-D74FA91E5998}.Release|Any CPU.Build.0 = Release|Any CPU
		{5C4B9BB9-D2A8-42F5-BA14-D74FA91E5998}.Release|x64.ActiveCfg = Release|Any CPU
		{5C4B9BB9-D2A8-42F5-BA14-D74FA91E5998}.Release|x64.Build.0 = Release|Any CPU
		{3EBA4E73-8D6D-45B8-B866-E6F594B42919}.Debug|x86.ActiveCfg = Debug|x86
		{3EBA4E73-8D6D-45B8-B866-E6F594B42919}.Debug|x86.Build.0 = Debug|x86
		{3EBA4E73-8D6D-45B8-B866-E6F594B42919}.Debug|Any CPU.ActiveCfg = Debug|Any CPU
		{3EBA4E73-8D6D-45B8-B866-E6F594B42919}.Debug|Any CPU.Build.0 = Debug|Any CPU
		{3EBA4E73-8D6D-45B8-B866-E6F594B42919}.Debug|x64.ActiveCfg = Debug|Any CPU
		{3EBA4E73-8D6D-45B8-B866-E6F594B42919}.Debug|x64.Build.0 = Debug|Any CPU
		{3EBA4E73-8D6D-45B8-B866-E6F594B42919}.Release|x86.ActiveCfg = Release|x86
		{3EBA4E73-8D6D-45B8-B866-E6F594B42919}.Release|x86.Build.0 = Release|x86
		{3EBA4E73-8D6D-45B8-B866-E6F594B42919}.Release|Any CPU.ActiveCfg = Release|Any CPU
		{3EBA4E73-8D6D-45B8-B866-E6F594B42919}.Release|Any CPU.Build.0 = Release|Any CPU
		{3EBA4E73-8D6D-45B8-B866-E6F594B42919}.Release|x64.ActiveCfg = Release|Any CPU
		{3EBA4E73-8D6D-45B8-B866-E6F594B42919}.Release|x64.Build.0 = Release|Any CPU
		{E01BF95F-1893-4B74-A018-31C4F72B0A40}.Debug|x86.ActiveCfg = Debug|x86
		{E01BF95F-1893-4B74-A018-31C4F72B0A40}.Debug|x86.Build.0 = Debug|x86
		{E01BF95F-1893-4B74-A018-31C4F72B0A40}.Debug|Any CPU.ActiveCfg = Debug|x86
		{E01BF95F-1893-4B74-A018-31C4F72B0A40}.Debug|Any CPU.Build.0 = Debug|x86
		{E01BF95F-1893-4B74-A018-31C4F72B0A40}.Debug|x64.ActiveCfg = Debug|x86
		{E01BF95F-1893-4B74-A018-31C4F72B0A40}.Debug|x64.Build.0 = Debug|x86
		{E01BF95F-1893-4B74-A018-31C4F72B0A40}.Release|x86.ActiveCfg = Release|x86
		{E01BF95F-1893-4B74-A018-31C4F72B0A40}.Release|x86.Build.0 = Release|x86
		{E01BF95F-1893-4B74-A018-31C4F72B0A40}.Release|Any CPU.ActiveCfg = Release|x86
		{E01BF95F-1893-4B74-A018-31C4F72B0A40}.Release|Any CPU.Build.0 = Release|x86
		{E01BF95F-1893-4B74-A018-31C4F72B0A40}.Release|x64.ActiveCfg = Release|x86
		{E01BF95F-1893-4B74-A018-31C4F72B0A40}.Release|x64.Build.0 = Release|x86
		{4CD4DEA5-899F-48AE-8BBA-F07681E58C67}.Debug|x86.ActiveCfg = Debug|x86
		{4CD4DEA5-899F-48AE-8BBA-F07681E58C67}.Debug|x86.Build.0 = Debug|x86
		{4CD4DEA5-899F-48AE-8BBA-F07681E58C67}.Debug|Any CPU.ActiveCfg = Debug|x86
		{4CD4DEA5-899F-48AE-8BBA-F07681E58C67}.Debug|Any CPU.Build.0 = Debug|x86
		{4CD4DEA5-899F-48AE-8BBA-F07681E58C67}.Debug|x64.ActiveCfg = Debug|x86
		{4CD4DEA5-899F-48AE-8BBA-F07681E58C67}.Debug|x64.Build.0 = Debug|x86
		{4CD4DEA5-899F-48AE-8BBA-F07681E58C67}.Release|x86.ActiveCfg = Release|x86
		{4CD4DEA5-899F-48AE-8BBA-F07681E58C67}.Release|x86.Build.0 = Release|x86
		{4CD4DEA5-899F-48AE-8BBA-F07681E58C67}.Release|Any CPU.ActiveCfg = Release|x86
		{4CD4DEA5-899F-48AE-8BBA-F07681E58C67}.Release|Any CPU.Build.0 = Release|x86
		{4CD4DEA5-899F-48AE-8BBA-F07681E58C67}.Release|x64.ActiveCfg = Release|x86
		{4CD4DEA5-899F-48AE-8BBA-F07681E58C67}.Release|x64.Build.0 = Release|x86
		{EE14BF20-4F50-4FEF-8562-1A36511F3C0F}.Debug|x86.ActiveCfg = Debug|x86
		{EE14BF20-4F50-4FEF-8562-1A36511F3C0F}.Debug|x86.Build.0 = Debug|x86
		{EE14BF20-4F50-4FEF-8562-1A36511F3C0F}.Debug|Any CPU.ActiveCfg = Debug|x86
		{EE14BF20-4F50-4FEF-8562-1A36511F3C0F}.Debug|Any CPU.Build.0 = Debug|x86
		{EE14BF20-4F50-4FEF-8562-1A36511F3C0F}.Debug|x64.ActiveCfg = Debug|x86
		{EE14BF20-4F50-4FEF-8562-1A36511F3C0F}.Debug|x64.Build.0 = Debug|x86
		{EE14BF20-4F50-4FEF-8562-1A36511F3C0F}.Release|x86.ActiveCfg = Release|x86
		{EE14BF20-4F50-4FEF-8562-1A36511F3C0F}.Release|x86.Build.0 = Release|x86
		{EE14BF20-4F50-4FEF-8562-1A36511F3C0F}.Release|Any CPU.ActiveCfg = Release|x86
		{EE14BF20-4F50-4FEF-8562-1A36511F3C0F}.Release|Any CPU.Build.0 = Release|x86
		{EE14BF20-4F50-4FEF-8562-1A36511F3C0F}.Release|x64.ActiveCfg = Release|x86
		{EE14BF20-4F50-4FEF-8562-1A36511F3C0F}.Release|x64.Build.0 = Release|x86
		{34E0CA1A-F986-44D0-A628-5BD1EDEB9457}.Debug|x86.ActiveCfg = Debug|x86
		{34E0CA1A-F986-44D0-A628-5BD1EDEB9457}.Debug|x86.Build.0 = Debug|x86
		{34E0CA1A-F986-44D0-A628-5BD1EDEB9457}.Debug|Any CPU.ActiveCfg = Debug|x86
		{34E0CA1A-F986-44D0-A628-5BD1EDEB9457}.Debug|Any CPU.Build.0 = Debug|x86
		{34E0CA1A-F986-44D0-A628-5BD1EDEB9457}.Debug|x64.ActiveCfg = Debug|x86
		{34E0CA1A-F986-44D0-A628-5BD1EDEB9457}.Debug|x64.Build.0 = Debug|x86
		{34E0CA1A-F986-44D0-A628-5BD1EDEB9457}.Release|x86.ActiveCfg = Release|x86
		{34E0CA1A-F986-44D0-A628-5BD1EDEB9457}.Release|x86.Build.0 = Release|x86
		{34E0CA1A-F986-44D0-A628-5BD1EDEB9457}.Release|Any CPU.ActiveCfg = Release|x86
		{34E0CA1A-F986-44D0-A628-5BD1EDEB9457}.Release|Any CPU.Build.0 = Release|x86
		{34E0CA1A-F986-44D0-A628-5BD1EDEB9457}.Release|x64.ActiveCfg = Release|x86
		{34E0CA1A-F986-44D0-A628-5BD1EDEB9457}.Release|x64.Build.0 = Release|x86
	EndGlobalSection
	GlobalSection(SolutionProperties) = preSolution
		HideSolutionNode = FALSE
	EndGlobalSection
	GlobalSection(NestedProjects) = preSolution
		{E01BF95F-1893-4B74-A018-31C4F72B0A40} = {827E0CD3-B72D-47B6-A68D-7590B98EB39B}
		{EE14BF20-4F50-4FEF-8562-1A36511F3C0F} = {07C2787E-EAC7-C090-1BA3-A61EC2A24D84}
		{34E0CA1A-F986-44D0-A628-5BD1EDEB9457} = {07C2787E-EAC7-C090-1BA3-A61EC2A24D84}
	EndGlobalSection
EndGlobal
